
Microsoft Visual Studio Solution File, Format Version 12.00
# Visual Studio 15
VisualStudioVersion = 15.0.28010.2026
MinimumVisualStudioVersion = 10.0.40219.1
Project("{FAE04EC0-301F-11D3-BF4B-00C04F79EFBC}") = "WebApplication1", "WebApplication1\WebApplication1.csproj", "{7AE4BDE2-8CAC-428C-B248-182AD101826D}"
EndProject
Global
	GlobalSection(SolutionConfigurationPlatforms) = preSolution
		Debug|Any CPU = Debug|Any CPU
		Release|Any CPU = Release|Any CPU
	EndGlobalSection
	GlobalSection(ProjectConfigurationPlatforms) = postSolution
		{7AE4BDE2-8CAC-428C-B248-182AD101826D}.Debug|Any CPU.ActiveCfg = Debug|Any CPU
		{7AE4BDE2-8CAC-428C-B248-182AD101826D}.Debug|Any CPU.Build.0 = Debug|Any CPU
		{7AE4BDE2-8CAC-428C-B248-182AD101826D}.Release|Any CPU.ActiveCfg = Release|Any CPU
		{7AE4BDE2-8CAC-428C-B248-182AD101826D}.Release|Any CPU.Build.0 = Release|Any CPU
	EndGlobalSection
	GlobalSection(SolutionProperties) = preSolution
		HideSolutionNode = FALSE
	EndGlobalSection
	GlobalSection(ExtensibilityGlobals) = postSolution
		SolutionGuid = {2470F1F4-4D1C-4E21-B4C6-70834DA63E1F}
	EndGlobalSection
EndGlobal
